
Microsoft Visual Studio Solution File, Format Version 12.00
# Visual Studio 15
VisualStudioVersion = 15.0.26430.16
MinimumVisualStudioVersion = 10.0.40219.1
Project("{2150E333-8FDC-42A3-9474-1A3956D46DE8}") = "Data", "Data", "{5FEBD7E6-0C91-48A1-B5DD-319E20FC92C1}"
EndProject
Project("{FAE04EC0-301F-11D3-BF4B-00C04F79EFBC}") = "MusicR8r.Data", "MusicR8r.Data\MusicR8r.Data.csproj", "{58B4E5E9-AB95-4643-B4DE-9827AD542D6C}"
EndProject
Project("{FAE04EC0-301F-11D3-BF4B-00C04F79EFBC}") = "MusicR8r.Data.Model", "MusicR8r.Data.Model\MusicR8r.Data.Model.csproj", "{C79F1C3F-DB76-4E3F-84E9-D41DD8D2E860}"
EndProject
Project("{2150E333-8FDC-42A3-9474-1A3956D46DE8}") = "Services", "Services", "{36282884-0653-47E2-B656-2846F66AD947}"
EndProject
Project("{2150E333-8FDC-42A3-9474-1A3956D46DE8}") = "Tests", "Tests", "{7DE2A069-2FFA-4044-AB4A-D09256460276}"
EndProject
Project("{FAE04EC0-301F-11D3-BF4B-00C04F79EFBC}") = "MusicR8r.Services", "MusicR8r.Services\MusicR8r.Services.csproj", "{E4018C8F-EC9A-4F17-8DBC-9AF92A6214A0}"
EndProject
Project("{FAE04EC0-301F-11D3-BF4B-00C04F79EFBC}") = "Services.Tests", "Services.Tests\Services.Tests.csproj", "{DA1E5DED-E5E7-41E2-842E-DA9A11981DC0}"
EndProject
Project("{2150E333-8FDC-42A3-9474-1A3956D46DE8}") = "UnitTestingMetrics", "UnitTestingMetrics", "{9F78234E-C170-46FD-95BD-5D63F29B503F}"
	ProjectSection(SolutionItems) = preProject
		GenerateUnitTestMetrics.bat = GenerateUnitTestMetrics.bat
	EndProjectSection
EndProject
Project("{FAE04EC0-301F-11D3-BF4B-00C04F79EFBC}") = "Controllers.Tests", "Controllers.Tests\Controllers.Tests.csproj", "{20EC1BE5-7A6B-4B45-A41B-CBE3E5D29675}"
EndProject
Project("{FAE04EC0-301F-11D3-BF4B-00C04F79EFBC}") = "MusicR8r.Web", "MusicR8r.Web.csproj", "{A583F147-DAA0-4760-BC5A-F9DD1BF79969}"
	ProjectSection(ProjectDependencies) = postProject
		{E4018C8F-EC9A-4F17-8DBC-9AF92A6214A0} = {E4018C8F-EC9A-4F17-8DBC-9AF92A6214A0}
		{DA1E5DED-E5E7-41E2-842E-DA9A11981DC0} = {DA1E5DED-E5E7-41E2-842E-DA9A11981DC0}
	EndProjectSection
EndProject
Global
	GlobalSection(SolutionConfigurationPlatforms) = preSolution
		Debug|Any CPU = Debug|Any CPU
		Release|Any CPU = Release|Any CPU
	EndGlobalSection
	GlobalSection(ProjectConfigurationPlatforms) = postSolution
		{58B4E5E9-AB95-4643-B4DE-9827AD542D6C}.Debug|Any CPU.ActiveCfg = Debug|Any CPU
		{58B4E5E9-AB95-4643-B4DE-9827AD542D6C}.Debug|Any CPU.Build.0 = Debug|Any CPU
		{58B4E5E9-AB95-4643-B4DE-9827AD542D6C}.Release|Any CPU.ActiveCfg = Release|Any CPU
		{58B4E5E9-AB95-4643-B4DE-9827AD542D6C}.Release|Any CPU.Build.0 = Release|Any CPU
		{C79F1C3F-DB76-4E3F-84E9-D41DD8D2E860}.Debug|Any CPU.ActiveCfg = Debug|Any CPU
		{C79F1C3F-DB76-4E3F-84E9-D41DD8D2E860}.Debug|Any CPU.Build.0 = Debug|Any CPU
		{C79F1C3F-DB76-4E3F-84E9-D41DD8D2E860}.Release|Any CPU.ActiveCfg = Release|Any CPU
		{C79F1C3F-DB76-4E3F-84E9-D41DD8D2E860}.Release|Any CPU.Build.0 = Release|Any CPU
		{E4018C8F-EC9A-4F17-8DBC-9AF92A6214A0}.Debug|Any CPU.ActiveCfg = Debug|Any CPU
		{E4018C8F-EC9A-4F17-8DBC-9AF92A6214A0}.Debug|Any CPU.Build.0 = Debug|Any CPU
		{E4018C8F-EC9A-4F17-8DBC-9AF92A6214A0}.Release|Any CPU.ActiveCfg = Release|Any CPU
		{E4018C8F-EC9A-4F17-8DBC-9AF92A6214A0}.Release|Any CPU.Build.0 = Release|Any CPU
		{DA1E5DED-E5E7-41E2-842E-DA9A11981DC0}.Debug|Any CPU.ActiveCfg = Debug|Any CPU
		{DA1E5DED-E5E7-41E2-842E-DA9A11981DC0}.Debug|Any CPU.Build.0 = Debug|Any CPU
		{DA1E5DED-E5E7-41E2-842E-DA9A11981DC0}.Release|Any CPU.ActiveCfg = Release|Any CPU
		{DA1E5DED-E5E7-41E2-842E-DA9A11981DC0}.Release|Any CPU.Build.0 = Release|Any CPU
		{20EC1BE5-7A6B-4B45-A41B-CBE3E5D29675}.Debug|Any CPU.ActiveCfg = Debug|Any CPU
		{20EC1BE5-7A6B-4B45-A41B-CBE3E5D29675}.Debug|Any CPU.Build.0 = Debug|Any CPU
		{20EC1BE5-7A6B-4B45-A41B-CBE3E5D29675}.Release|Any CPU.ActiveCfg = Release|Any CPU
		{20EC1BE5-7A6B-4B45-A41B-CBE3E5D29675}.Release|Any CPU.Build.0 = Release|Any CPU
		{A583F147-DAA0-4760-BC5A-F9DD1BF79969}.Debug|Any CPU.ActiveCfg = Debug|Any CPU
		{A583F147-DAA0-4760-BC5A-F9DD1BF79969}.Debug|Any CPU.Build.0 = Debug|Any CPU
		{A583F147-DAA0-4760-BC5A-F9DD1BF79969}.Release|Any CPU.ActiveCfg = Release|Any CPU
		{A583F147-DAA0-4760-BC5A-F9DD1BF79969}.Release|Any CPU.Build.0 = Release|Any CPU
	EndGlobalSection
	GlobalSection(SolutionProperties) = preSolution
		HideSolutionNode = FALSE
	EndGlobalSection
	GlobalSection(NestedProjects) = preSolution
		{58B4E5E9-AB95-4643-B4DE-9827AD542D6C} = {5FEBD7E6-0C91-48A1-B5DD-319E20FC92C1}
		{C79F1C3F-DB76-4E3F-84E9-D41DD8D2E860} = {5FEBD7E6-0C91-48A1-B5DD-319E20FC92C1}
		{E4018C8F-EC9A-4F17-8DBC-9AF92A6214A0} = {36282884-0653-47E2-B656-2846F66AD947}
		{DA1E5DED-E5E7-41E2-842E-DA9A11981DC0} = {7DE2A069-2FFA-4044-AB4A-D09256460276}
		{20EC1BE5-7A6B-4B45-A41B-CBE3E5D29675} = {7DE2A069-2FFA-4044-AB4A-D09256460276}
	EndGlobalSection
EndGlobal
